
Microsoft Visual Studio Solution File, Format Version 12.00
# Visual Studio Version 17
VisualStudioVersion = 17.14.36401.2 d17.14
MinimumVisualStudioVersion = 10.0.40219.1
Project("{FAE04EC0-301F-11D3-BF4B-00C04F79EFBC}") = "GD12_1133_Lab1_Halibas_Michael", "GD12_1133_Lab1_Halibas_Michael.csproj", "{1A9CA45D-A0DC-4FE9-BC1C-10C410420C32}"
EndProject
Global
	GlobalSection(SolutionConfigurationPlatforms) = preSolution
		Debug|Any CPU = Debug|Any CPU
		Release|Any CPU = Release|Any CPU
	EndGlobalSection
	GlobalSection(ProjectConfigurationPlatforms) = postSolution
		{1A9CA45D-A0DC-4FE9-BC1C-10C410420C32}.Debug|Any CPU.ActiveCfg = Debug|Any CPU
		{1A9CA45D-A0DC-4FE9-BC1C-10C410420C32}.Debug|Any CPU.Build.0 = Debug|Any CPU
		{1A9CA45D-A0DC-4FE9-BC1C-10C410420C32}.Release|Any CPU.ActiveCfg = Release|Any CPU
		{1A9CA45D-A0DC-4FE9-BC1C-10C410420C32}.Release|Any CPU.Build.0 = Release|Any CPU
	EndGlobalSection
	GlobalSection(SolutionProperties) = preSolution
		HideSolutionNode = FALSE
	EndGlobalSection
	GlobalSection(ExtensibilityGlobals) = postSolution
		SolutionGuid = {D39A8505-F463-4C7E-8413-86A9888C7FE8}
	EndGlobalSection
EndGlobal
